
Microsoft Visual Studio Solution File, Format Version 12.00
# Visual Studio Version 16
VisualStudioVersion = 16.0.31424.327
MinimumVisualStudioVersion = 10.0.40219.1
Project("{FAE04EC0-301F-11D3-BF4B-00C04F79EFBC}") = "AuthServer", "AuthServer\AuthServer.csproj", "{3B66BEEC-97E8-41E0-81FD-6D59C0BBF059}"
EndProject
Project("{FAE04EC0-301F-11D3-BF4B-00C04F79EFBC}") = "ResourceServer", "ResourceServer\ResourceServer.csproj", "{07C16D06-E8FE-4BAB-B52D-AE5D1065F850}"
EndProject
Project("{FAE04EC0-301F-11D3-BF4B-00C04F79EFBC}") = "ConsoleApp", "ConsoleApp\ConsoleApp.csproj", "{64037F6B-666A-463E-85A0-BE17776EFF05}"
EndProject
Global
	GlobalSection(SolutionConfigurationPlatforms) = preSolution
		Debug|Any CPU = Debug|Any CPU
		Release|Any CPU = Release|Any CPU
	EndGlobalSection
	GlobalSection(ProjectConfigurationPlatforms) = postSolution
		{3B66BEEC-97E8-41E0-81FD-6D59C0BBF059}.Debug|Any CPU.ActiveCfg = Debug|Any CPU
		{3B66BEEC-97E8-41E0-81FD-6D59C0BBF059}.Debug|Any CPU.Build.0 = Debug|Any CPU
		{3B66BEEC-97E8-41E0-81FD-6D59C0BBF059}.Release|Any CPU.ActiveCfg = Release|Any CPU
		{3B66BEEC-97E8-41E0-81FD-6D59C0BBF059}.Release|Any CPU.Build.0 = Release|Any CPU
		{07C16D06-E8FE-4BAB-B52D-AE5D1065F850}.Debug|Any CPU.ActiveCfg = Debug|Any CPU
		{07C16D06-E8FE-4BAB-B52D-AE5D1065F850}.Debug|Any CPU.Build.0 = Debug|Any CPU
		{07C16D06-E8FE-4BAB-B52D-AE5D1065F850}.Release|Any CPU.ActiveCfg = Release|Any CPU
		{07C16D06-E8FE-4BAB-B52D-AE5D1065F850}.Release|Any CPU.Build.0 = Release|Any CPU
		{64037F6B-666A-463E-85A0-BE17776EFF05}.Debug|Any CPU.ActiveCfg = Debug|Any CPU
		{64037F6B-666A-463E-85A0-BE17776EFF05}.Debug|Any CPU.Build.0 = Debug|Any CPU
		{64037F6B-666A-463E-85A0-BE17776EFF05}.Release|Any CPU.ActiveCfg = Release|Any CPU
		{64037F6B-666A-463E-85A0-BE17776EFF05}.Release|Any CPU.Build.0 = Release|Any CPU
	EndGlobalSection
	GlobalSection(SolutionProperties) = preSolution
		HideSolutionNode = FALSE
	EndGlobalSection
	GlobalSection(ExtensibilityGlobals) = postSolution
		SolutionGuid = {1F02778F-7732-4EA1-B9F7-031AC2A6EEC4}
	EndGlobalSection
EndGlobal
